
Microsoft Visual Studio Solution File, Format Version 12.00
# Visual Studio Version 16
VisualStudioVersion = 16.0.30104.148
MinimumVisualStudioVersion = 10.0.40219.1
Project("{FAE04EC0-301F-11D3-BF4B-00C04F79EFBC}") = "0_Proje_Hastane", "0_Proje_Hastane\0_Proje_Hastane.csproj", "{250997D6-4E87-4C53-BCB9-2F21D5456A90}"
EndProject
Global
	GlobalSection(SolutionConfigurationPlatforms) = preSolution
		Debug|Any CPU = Debug|Any CPU
		Release|Any CPU = Release|Any CPU
	EndGlobalSection
	GlobalSection(ProjectConfigurationPlatforms) = postSolution
		{250997D6-4E87-4C53-BCB9-2F21D5456A90}.Debug|Any CPU.ActiveCfg = Debug|Any CPU
		{250997D6-4E87-4C53-BCB9-2F21D5456A90}.Debug|Any CPU.Build.0 = Debug|Any CPU
		{250997D6-4E87-4C53-BCB9-2F21D5456A90}.Release|Any CPU.ActiveCfg = Release|Any CPU
		{250997D6-4E87-4C53-BCB9-2F21D5456A90}.Release|Any CPU.Build.0 = Release|Any CPU
	EndGlobalSection
	GlobalSection(SolutionProperties) = preSolution
		HideSolutionNode = FALSE
	EndGlobalSection
	GlobalSection(ExtensibilityGlobals) = postSolution
		SolutionGuid = {B820CB46-6457-44E4-AFA3-371E1ED7A76B}
	EndGlobalSection
EndGlobal
